
Microsoft Visual Studio Solution File, Format Version 12.00
# Visual Studio Version 17
VisualStudioVersion = 17.4.33122.133
MinimumVisualStudioVersion = 10.0.40219.1
Project("{9A19103F-16F7-4668-BE54-9A1E7A4F7556}") = "Orient", "Orient.csproj", "{194CBAF4-0141-4627-B211-5489B4E7417D}"
EndProject
Global
	GlobalSection(SolutionConfigurationPlatforms) = preSolution
		Debug|Any CPU = Debug|Any CPU
		Release|Any CPU = Release|Any CPU
	EndGlobalSection
	GlobalSection(ProjectConfigurationPlatforms) = postSolution
		{194CBAF4-0141-4627-B211-5489B4E7417D}.Debug|Any CPU.ActiveCfg = Debug|Any CPU
		{194CBAF4-0141-4627-B211-5489B4E7417D}.Debug|Any CPU.Build.0 = Debug|Any CPU
		{194CBAF4-0141-4627-B211-5489B4E7417D}.Release|Any CPU.ActiveCfg = Release|Any CPU
		{194CBAF4-0141-4627-B211-5489B4E7417D}.Release|Any CPU.Build.0 = Release|Any CPU
	EndGlobalSection
	GlobalSection(SolutionProperties) = preSolution
		HideSolutionNode = FALSE
	EndGlobalSection
	GlobalSection(ExtensibilityGlobals) = postSolution
		SolutionGuid = {3E9BD74F-593E-49EE-97DF-0D0AC4D47D06}
	EndGlobalSection
EndGlobal
